# This file is automatically @generated by Cargo.
# It is not intended for manual editing.
[[package]]
name = "ansi_rgb"
version = "0.3.0"
dependencies = [
 "rgb 0.8.24 (registry+https://github.com/rust-lang/crates.io-index)",
]

[[package]]
name = "rgb"
version = "0.8.24"
source = "registry+https://github.com/rust-lang/crates.io-index"

[metadata]
"checksum rgb 0.8.24 (registry+https://github.com/rust-lang/crates.io-index)" = "7466cad0eb3303798229ffab23bb8f598d185c71f3dfa17cd751d440e375782a"
