# This file is automatically @generated by Cargo.
# It is not intended for manual editing.
[[package]]
name = "ansi_rgb"
version = "0.2.0"
dependencies = [
 "rgb 0.8.13 (registry+https://github.com/rust-lang/crates.io-index)",
]

[[package]]
name = "rgb"
version = "0.8.13"
source = "registry+https://github.com/rust-lang/crates.io-index"

[metadata]
"checksum rgb 0.8.13 (registry+https://github.com/rust-lang/crates.io-index)" = "4f089652ca87f5a82a62935ec6172a534066c7b97be003cc8f702ee9a7a59c92"
